
Microsoft Visual Studio Solution File, Format Version 12.00
# Visual Studio Version 17
VisualStudioVersion = 17.9.34622.214
MinimumVisualStudioVersion = 10.0.40219.1
Project("{FAE04EC0-301F-11D3-BF4B-00C04F79EFBC}") = "01_AdonetCustomerProject", "01_AdonetCustomerProject\01_AdonetCustomerProject.csproj", "{50136249-C2CA-4447-861C-5CB98CCF9F54}"
EndProject
Project("{FAE04EC0-301F-11D3-BF4B-00C04F79EFBC}") = "02-EntityFramewordDbFirstProductProject", "02-EntityFramewordDbFirstProductProject\02-EntityFramewordDbFirstProductProject.csproj", "{0970834F-DB58-43D5-BC50-D94E21DE51B0}"
EndProject
Project("{FAE04EC0-301F-11D3-BF4B-00C04F79EFBC}") = "03_EntityFrameworkStatisticsProject", "03_EntityFrameworkStatisticsProject\03_EntityFrameworkStatisticsProject.csproj", "{BBAC17A5-889F-489D-ACA4-27348E71A359}"
EndProject
Global
	GlobalSection(SolutionConfigurationPlatforms) = preSolution
		Debug|Any CPU = Debug|Any CPU
		Release|Any CPU = Release|Any CPU
	EndGlobalSection
	GlobalSection(ProjectConfigurationPlatforms) = postSolution
		{50136249-C2CA-4447-861C-5CB98CCF9F54}.Debug|Any CPU.ActiveCfg = Debug|Any CPU
		{50136249-C2CA-4447-861C-5CB98CCF9F54}.Debug|Any CPU.Build.0 = Debug|Any CPU
		{50136249-C2CA-4447-861C-5CB98CCF9F54}.Release|Any CPU.ActiveCfg = Release|Any CPU
		{50136249-C2CA-4447-861C-5CB98CCF9F54}.Release|Any CPU.Build.0 = Release|Any CPU
		{0970834F-DB58-43D5-BC50-D94E21DE51B0}.Debug|Any CPU.ActiveCfg = Debug|Any CPU
		{0970834F-DB58-43D5-BC50-D94E21DE51B0}.Debug|Any CPU.Build.0 = Debug|Any CPU
		{0970834F-DB58-43D5-BC50-D94E21DE51B0}.Release|Any CPU.ActiveCfg = Release|Any CPU
		{0970834F-DB58-43D5-BC50-D94E21DE51B0}.Release|Any CPU.Build.0 = Release|Any CPU
		{BBAC17A5-889F-489D-ACA4-27348E71A359}.Debug|Any CPU.ActiveCfg = Debug|Any CPU
		{BBAC17A5-889F-489D-ACA4-27348E71A359}.Debug|Any CPU.Build.0 = Debug|Any CPU
		{BBAC17A5-889F-489D-ACA4-27348E71A359}.Release|Any CPU.ActiveCfg = Release|Any CPU
		{BBAC17A5-889F-489D-ACA4-27348E71A359}.Release|Any CPU.Build.0 = Release|Any CPU
	EndGlobalSection
	GlobalSection(SolutionProperties) = preSolution
		HideSolutionNode = FALSE
	EndGlobalSection
	GlobalSection(ExtensibilityGlobals) = postSolution
		SolutionGuid = {2BB864E6-9234-4A9F-9D13-2A4CFEEC92BE}
	EndGlobalSection
EndGlobal
