
Microsoft Visual Studio Solution File, Format Version 12.00
# Visual Studio Version 17
VisualStudioVersion = 17.9.34622.214
MinimumVisualStudioVersion = 10.0.40219.1
Project("{FAE04EC0-301F-11D3-BF4B-00C04F79EFBC}") = "01_AdonetCustomerProject", "01_AdonetCustomerProject\01_AdonetCustomerProject.csproj", "{50136249-C2CA-4447-861C-5CB98CCF9F54}"
EndProject
Project("{FAE04EC0-301F-11D3-BF4B-00C04F79EFBC}") = "02-EntityFramewordDbFirstProductProject", "02-EntityFramewordDbFirstProductProject\02-EntityFramewordDbFirstProductProject.csproj", "{0970834F-DB58-43D5-BC50-D94E21DE51B0}"
EndProject
Project("{FAE04EC0-301F-11D3-BF4B-00C04F79EFBC}") = "03_EntityFrameworkStatisticsProject", "03_EntityFrameworkStatisticsProject\03_EntityFrameworkStatisticsProject.csproj", "{BBAC17A5-889F-489D-ACA4-27348E71A359}"
EndProject
Project("{FAE04EC0-301F-11D3-BF4B-00C04F79EFBC}") = "04_DapperNorthwind", "04_DapperNorthwind\04_DapperNorthwind.csproj", "{C3B94571-A449-4D9B-8D09-B25A879D926E}"
EndProject
Project("{9A19103F-16F7-4668-BE54-9A1E7A4F7556}") = "05_ApiWeather", "05_ApiWeather\05_ApiWeather.csproj", "{6A2DB8ED-4767-47DC-B2B2-81DE231FE476}"
EndProject
Project("{FAE04EC0-301F-11D3-BF4B-00C04F79EFBC}") = "07_ApiWeatherConsome", "07_ApiWeatherConsome\07_ApiWeatherConsome.csproj", "{F77E9120-400E-4B9B-AEE1-F5E79E5F79F8}"
EndProject
Project("{FAE04EC0-301F-11D3-BF4B-00C04F79EFBC}") = "08_RapidApiCurrency", "08_RapidApiCurrency\08_RapidApiCurrency.csproj", "{C46A30F7-8F98-414E-95DA-11363FBD58CB}"
EndProject
Global
	GlobalSection(SolutionConfigurationPlatforms) = preSolution
		Debug|Any CPU = Debug|Any CPU
		Release|Any CPU = Release|Any CPU
	EndGlobalSection
	GlobalSection(ProjectConfigurationPlatforms) = postSolution
		{50136249-C2CA-4447-861C-5CB98CCF9F54}.Debug|Any CPU.ActiveCfg = Debug|Any CPU
		{50136249-C2CA-4447-861C-5CB98CCF9F54}.Debug|Any CPU.Build.0 = Debug|Any CPU
		{50136249-C2CA-4447-861C-5CB98CCF9F54}.Release|Any CPU.ActiveCfg = Release|Any CPU
		{50136249-C2CA-4447-861C-5CB98CCF9F54}.Release|Any CPU.Build.0 = Release|Any CPU
		{0970834F-DB58-43D5-BC50-D94E21DE51B0}.Debug|Any CPU.ActiveCfg = Debug|Any CPU
		{0970834F-DB58-43D5-BC50-D94E21DE51B0}.Debug|Any CPU.Build.0 = Debug|Any CPU
		{0970834F-DB58-43D5-BC50-D94E21DE51B0}.Release|Any CPU.ActiveCfg = Release|Any CPU
		{0970834F-DB58-43D5-BC50-D94E21DE51B0}.Release|Any CPU.Build.0 = Release|Any CPU
		{BBAC17A5-889F-489D-ACA4-27348E71A359}.Debug|Any CPU.ActiveCfg = Debug|Any CPU
		{BBAC17A5-889F-489D-ACA4-27348E71A359}.Debug|Any CPU.Build.0 = Debug|Any CPU
		{BBAC17A5-889F-489D-ACA4-27348E71A359}.Release|Any CPU.ActiveCfg = Release|Any CPU
		{BBAC17A5-889F-489D-ACA4-27348E71A359}.Release|Any CPU.Build.0 = Release|Any CPU
		{C3B94571-A449-4D9B-8D09-B25A879D926E}.Debug|Any CPU.ActiveCfg = Debug|Any CPU
		{C3B94571-A449-4D9B-8D09-B25A879D926E}.Debug|Any CPU.Build.0 = Debug|Any CPU
		{C3B94571-A449-4D9B-8D09-B25A879D926E}.Release|Any CPU.ActiveCfg = Release|Any CPU
		{C3B94571-A449-4D9B-8D09-B25A879D926E}.Release|Any CPU.Build.0 = Release|Any CPU
		{6A2DB8ED-4767-47DC-B2B2-81DE231FE476}.Debug|Any CPU.ActiveCfg = Debug|Any CPU
		{6A2DB8ED-4767-47DC-B2B2-81DE231FE476}.Debug|Any CPU.Build.0 = Debug|Any CPU
		{6A2DB8ED-4767-47DC-B2B2-81DE231FE476}.Release|Any CPU.ActiveCfg = Release|Any CPU
		{6A2DB8ED-4767-47DC-B2B2-81DE231FE476}.Release|Any CPU.Build.0 = Release|Any CPU
		{F77E9120-400E-4B9B-AEE1-F5E79E5F79F8}.Debug|Any CPU.ActiveCfg = Debug|Any CPU
		{F77E9120-400E-4B9B-AEE1-F5E79E5F79F8}.Debug|Any CPU.Build.0 = Debug|Any CPU
		{F77E9120-400E-4B9B-AEE1-F5E79E5F79F8}.Release|Any CPU.ActiveCfg = Release|Any CPU
		{F77E9120-400E-4B9B-AEE1-F5E79E5F79F8}.Release|Any CPU.Build.0 = Release|Any CPU
		{C46A30F7-8F98-414E-95DA-11363FBD58CB}.Debug|Any CPU.ActiveCfg = Debug|Any CPU
		{C46A30F7-8F98-414E-95DA-11363FBD58CB}.Debug|Any CPU.Build.0 = Debug|Any CPU
		{C46A30F7-8F98-414E-95DA-11363FBD58CB}.Release|Any CPU.ActiveCfg = Release|Any CPU
		{C46A30F7-8F98-414E-95DA-11363FBD58CB}.Release|Any CPU.Build.0 = Release|Any CPU
	EndGlobalSection
	GlobalSection(SolutionProperties) = preSolution
		HideSolutionNode = FALSE
	EndGlobalSection
	GlobalSection(ExtensibilityGlobals) = postSolution
		SolutionGuid = {2BB864E6-9234-4A9F-9D13-2A4CFEEC92BE}
	EndGlobalSection
EndGlobal
